// !$*UTF8*$!
{
	archiveVersion = 1;
	classes = {
	};
	objectVersion = 46;
	objects = {

/* Begin PBXBuildFile section */
		15472B5D311D39A167A0B799 /* Pods_TheMovieDB_MVVM.framework in Frameworks */ = {isa = PBXBuildFile; fileRef = 54397AE36AB35BB733AC941F /* Pods_TheMovieDB_MVVM.framework */; };
		195634A39800683AEBA10E19 /* Pods_TheMovieDB_MVVMTests.framework in Frameworks */ = {isa = PBXBuildFile; fileRef = 0E7A07A22DFC4CEC12A9C034 /* Pods_TheMovieDB_MVVMTests.framework */; };
		C91D47A71F30ED5A000CDA09 /* AppDelegate.swift in Sources */ = {isa = PBXBuildFile; fileRef = C91D47A61F30ED5A000CDA09 /* AppDelegate.swift */; };
		C91D47AC1F30ED5B000CDA09 /* Main.storyboard in Resources */ = {isa = PBXBuildFile; fileRef = C91D47AA1F30ED5B000CDA09 /* Main.storyboard */; };
		C91D47AE1F30ED5B000CDA09 /* Assets.xcassets in Resources */ = {isa = PBXBuildFile; fileRef = C91D47AD1F30ED5B000CDA09 /* Assets.xcassets */; };
		C91D47B11F30ED5B000CDA09 /* LaunchScreen.storyboard in Resources */ = {isa = PBXBuildFile; fileRef = C91D47AF1F30ED5B000CDA09 /* LaunchScreen.storyboard */; };
		C91D47CB1F30F0BF000CDA09 /* Application.swift in Sources */ = {isa = PBXBuildFile; fileRef = C91D47CA1F30F0BF000CDA09 /* Application.swift */; };
		C91D47CD1F30F0DE000CDA09 /* ApplicationOverviewViewModel.swift in Sources */ = {isa = PBXBuildFile; fileRef = C91D47CC1F30F0DE000CDA09 /* ApplicationOverviewViewModel.swift */; };
		C91D47CF1F30F107000CDA09 /* ApplicationViewController.swift in Sources */ = {isa = PBXBuildFile; fileRef = C91D47CE1F30F107000CDA09 /* ApplicationViewController.swift */; };
		C91D47D41F3118A4000CDA09 /* ApplicationTableViewCell.swift in Sources */ = {isa = PBXBuildFile; fileRef = C91D47D21F3118A4000CDA09 /* ApplicationTableViewCell.swift */; };
		C91D47D51F3118A4000CDA09 /* ApplicationTableViewCell.xib in Resources */ = {isa = PBXBuildFile; fileRef = C91D47D31F3118A4000CDA09 /* ApplicationTableViewCell.xib */; };
		C93B7CB51F32381E008A5A2D /* APIClient.swift in Sources */ = {isa = PBXBuildFile; fileRef = C93B7CB41F32381E008A5A2D /* APIClient.swift */; };
		C93B7CBA1F33DCE5008A5A2D /* UIImageView+URL.swift in Sources */ = {isa = PBXBuildFile; fileRef = C93B7CB91F33DCE5008A5A2D /* UIImageView+URL.swift */; };
		C93B7CBC1F351148008A5A2D /* ApplicationOverviewViewModelTests.swift in Sources */ = {isa = PBXBuildFile; fileRef = C93B7CBB1F351148008A5A2D /* ApplicationOverviewViewModelTests.swift */; };
		C9DF82C61F38E59100A67D6C /* stub.json in Resources */ = {isa = PBXBuildFile; fileRef = C9DF82C51F38E59100A67D6C /* stub.json */; };
		C9DF82C91F3A39BF00A67D6C /* ApplicationViewModel.swift in Sources */ = {isa = PBXBuildFile; fileRef = C9DF82C81F3A39BF00A67D6C /* ApplicationViewModel.swift */; };
		C9DF82CB1F45055200A67D6C /* UITableView.swift in Sources */ = {isa = PBXBuildFile; fileRef = C9DF82CA1F45055200A67D6C /* UITableView.swift */; };
		C9DF82CE1F45068500A67D6C /* ReusableView.swift in Sources */ = {isa = PBXBuildFile; fileRef = C9DF82CD1F45068500A67D6C /* ReusableView.swift */; };
		C9DF82D01F45072100A67D6C /* NibLoadableView.swift in Sources */ = {isa = PBXBuildFile; fileRef = C9DF82CF1F45072100A67D6C /* NibLoadableView.swift */; };
		C9DF82D21F46561200A67D6C /* ApplicationTests.swift in Sources */ = {isa = PBXBuildFile; fileRef = C9DF82D11F46561200A67D6C /* ApplicationTests.swift */; };
/* End PBXBuildFile section */

/* Begin PBXContainerItemProxy section */
		C91D47B81F30ED5B000CDA09 /* PBXContainerItemProxy */ = {
			isa = PBXContainerItemProxy;
			containerPortal = C91D479B1F30ED5A000CDA09 /* Project object */;
			proxyType = 1;
			remoteGlobalIDString = C91D47A21F30ED5A000CDA09;
			remoteInfo = TheMovieDB_MVVM;
		};
/* End PBXContainerItemProxy section */

/* Begin PBXFileReference section */
		0BEC8DE1D73A9DF13D28A183 /* Pods-TheMovieDB_MVVMTests.debug.xcconfig */ = {isa = PBXFileReference; includeInIndex = 1; lastKnownFileType = text.xcconfig; name = "Pods-TheMovieDB_MVVMTests.debug.xcconfig"; path = "Pods/Target Support Files/Pods-TheMovieDB_MVVMTests/Pods-TheMovieDB_MVVMTests.debug.xcconfig"; sourceTree = "<group>"; };
		0E7A07A22DFC4CEC12A9C034 /* Pods_TheMovieDB_MVVMTests.framework */ = {isa = PBXFileReference; explicitFileType = wrapper.framework; includeInIndex = 0; path = Pods_TheMovieDB_MVVMTests.framework; sourceTree = BUILT_PRODUCTS_DIR; };
		270DD05EA859C0E67AE1A040 /* Pods-TheMovieDB_MVVMTests.release.xcconfig */ = {isa = PBXFileReference; includeInIndex = 1; lastKnownFileType = text.xcconfig; name = "Pods-TheMovieDB_MVVMTests.release.xcconfig"; path = "Pods/Target Support Files/Pods-TheMovieDB_MVVMTests/Pods-TheMovieDB_MVVMTests.release.xcconfig"; sourceTree = "<group>"; };
		33EE12DE8BC0FE6496591815 /* Pods-TheMovieDB_MVVM.release.xcconfig */ = {isa = PBXFileReference; includeInIndex = 1; lastKnownFileType = text.xcconfig; name = "Pods-TheMovieDB_MVVM.release.xcconfig"; path = "Pods/Target Support Files/Pods-TheMovieDB_MVVM/Pods-TheMovieDB_MVVM.release.xcconfig"; sourceTree = "<group>"; };
		54397AE36AB35BB733AC941F /* Pods_TheMovieDB_MVVM.framework */ = {isa = PBXFileReference; explicitFileType = wrapper.framework; includeInIndex = 0; path = Pods_TheMovieDB_MVVM.framework; sourceTree = BUILT_PRODUCTS_DIR; };
		AC6BF6BCBB93671AC47EDB3C /* Pods-TheMovieDB_MVVM.debug.xcconfig */ = {isa = PBXFileReference; includeInIndex = 1; lastKnownFileType = text.xcconfig; name = "Pods-TheMovieDB_MVVM.debug.xcconfig"; path = "Pods/Target Support Files/Pods-TheMovieDB_MVVM/Pods-TheMovieDB_MVVM.debug.xcconfig"; sourceTree = "<group>"; };
		C91D47A31F30ED5A000CDA09 /* TheMovieDB_MVVM.app */ = {isa = PBXFileReference; explicitFileType = wrapper.application; includeInIndex = 0; path = TheMovieDB_MVVM.app; sourceTree = BUILT_PRODUCTS_DIR; };
		C91D47A61F30ED5A000CDA09 /* AppDelegate.swift */ = {isa = PBXFileReference; lastKnownFileType = sourcecode.swift; path = AppDelegate.swift; sourceTree = "<group>"; };
		C91D47AB1F30ED5B000CDA09 /* Base */ = {isa = PBXFileReference; lastKnownFileType = file.storyboard; name = Base; path = Base.lproj/Main.storyboard; sourceTree = "<group>"; };
		C91D47AD1F30ED5B000CDA09 /* Assets.xcassets */ = {isa = PBXFileReference; lastKnownFileType = folder.assetcatalog; path = Assets.xcassets; sourceTree = "<group>"; };
		C91D47B01F30ED5B000CDA09 /* Base */ = {isa = PBXFileReference; lastKnownFileType = file.storyboard; name = Base; path = Base.lproj/LaunchScreen.storyboard; sourceTree = "<group>"; };
		C91D47B21F30ED5B000CDA09 /* Info.plist */ = {isa = PBXFileReference; lastKnownFileType = text.plist.xml; path = Info.plist; sourceTree = "<group>"; };
		C91D47B71F30ED5B000CDA09 /* TheMovieDB_MVVMTests.xctest */ = {isa = PBXFileReference; explicitFileType = wrapper.cfbundle; includeInIndex = 0; path = TheMovieDB_MVVMTests.xctest; sourceTree = BUILT_PRODUCTS_DIR; };
		C91D47BD1F30ED5B000CDA09 /* Info.plist */ = {isa = PBXFileReference; lastKnownFileType = text.plist.xml; path = Info.plist; sourceTree = "<group>"; };
		C91D47CA1F30F0BF000CDA09 /* Application.swift */ = {isa = PBXFileReference; fileEncoding = 4; lastKnownFileType = sourcecode.swift; name = Application.swift; path = Model/Application.swift; sourceTree = "<group>"; };
		C91D47CC1F30F0DE000CDA09 /* ApplicationOverviewViewModel.swift */ = {isa = PBXFileReference; fileEncoding = 4; lastKnownFileType = sourcecode.swift; name = ApplicationOverviewViewModel.swift; path = ViewModel/ApplicationOverviewViewModel.swift; sourceTree = "<group>"; };
		C91D47CE1F30F107000CDA09 /* ApplicationViewController.swift */ = {isa = PBXFileReference; fileEncoding = 4; lastKnownFileType = sourcecode.swift; name = ApplicationViewController.swift; path = View/ApplicationViewController.swift; sourceTree = "<group>"; };
		C91D47D21F3118A4000CDA09 /* ApplicationTableViewCell.swift */ = {isa = PBXFileReference; fileEncoding = 4; lastKnownFileType = sourcecode.swift; name = ApplicationTableViewCell.swift; path = View/ApplicationOverview/ApplicationTableViewCell.swift; sourceTree = "<group>"; };
		C91D47D31F3118A4000CDA09 /* ApplicationTableViewCell.xib */ = {isa = PBXFileReference; fileEncoding = 4; lastKnownFileType = file.xib; name = ApplicationTableViewCell.xib; path = View/ApplicationOverview/ApplicationTableViewCell.xib; sourceTree = "<group>"; };
		C93B7CB41F32381E008A5A2D /* APIClient.swift */ = {isa = PBXFileReference; fileEncoding = 4; lastKnownFileType = sourcecode.swift; name = APIClient.swift; path = Services/APIClient.swift; sourceTree = "<group>"; };
		C93B7CB91F33DCE5008A5A2D /* UIImageView+URL.swift */ = {isa = PBXFileReference; fileEncoding = 4; lastKnownFileType = sourcecode.swift; name = "UIImageView+URL.swift"; path = "Extensions/UIImageView+URL.swift"; sourceTree = "<group>"; };
		C93B7CBB1F351148008A5A2D /* ApplicationOverviewViewModelTests.swift */ = {isa = PBXFileReference; fileEncoding = 4; lastKnownFileType = sourcecode.swift; name = ApplicationOverviewViewModelTests.swift; path = ViewModel/ApplicationOverviewViewModelTests.swift; sourceTree = "<group>"; };
		C9DF82C51F38E59100A67D6C /* stub.json */ = {isa = PBXFileReference; fileEncoding = 4; lastKnownFileType = text.json; path = stub.json; sourceTree = "<group>"; };
		C9DF82C81F3A39BF00A67D6C /* ApplicationViewModel.swift */ = {isa = PBXFileReference; fileEncoding = 4; lastKnownFileType = sourcecode.swift; name = ApplicationViewModel.swift; path = ViewModel/ApplicationViewModel.swift; sourceTree = "<group>"; };
		C9DF82CA1F45055200A67D6C /* UITableView.swift */ = {isa = PBXFileReference; fileEncoding = 4; lastKnownFileType = sourcecode.swift; name = UITableView.swift; path = Extensions/UITableView.swift; sourceTree = "<group>"; };
		C9DF82CD1F45068500A67D6C /* ReusableView.swift */ = {isa = PBXFileReference; fileEncoding = 4; lastKnownFileType = sourcecode.swift; name = ReusableView.swift; path = Protocols/ReusableView.swift; sourceTree = "<group>"; };
		C9DF82CF1F45072100A67D6C /* NibLoadableView.swift */ = {isa = PBXFileReference; fileEncoding = 4; lastKnownFileType = sourcecode.swift; name = NibLoadableView.swift; path = Protocols/NibLoadableView.swift; sourceTree = "<group>"; };
		C9DF82D11F46561200A67D6C /* ApplicationTests.swift */ = {isa = PBXFileReference; fileEncoding = 4; lastKnownFileType = sourcecode.swift; name = ApplicationTests.swift; path = Model/ApplicationTests.swift; sourceTree = "<group>"; };
/* End PBXFileReference section */

/* Begin PBXFrameworksBuildPhase section */
		C91D47A01F30ED5A000CDA09 /* Frameworks */ = {
			isa = PBXFrameworksBuildPhase;
			buildActionMask = 2147483647;
			files = (
				15472B5D311D39A167A0B799 /* Pods_TheMovieDB_MVVM.framework in Frameworks */,
			);
			runOnlyForDeploymentPostprocessing = 0;
		};
		C91D47B41F30ED5B000CDA09 /* Frameworks */ = {
			isa = PBXFrameworksBuildPhase;
			buildActionMask = 2147483647;
			files = (
				195634A39800683AEBA10E19 /* Pods_TheMovieDB_MVVMTests.framework in Frameworks */,
			);
			runOnlyForDeploymentPostprocessing = 0;
		};
/* End PBXFrameworksBuildPhase section */

/* Begin PBXGroup section */
		8502301825544BAD81DA6EB9 /* Frameworks */ = {
			isa = PBXGroup;
			children = (
				54397AE36AB35BB733AC941F /* Pods_TheMovieDB_MVVM.framework */,
				0E7A07A22DFC4CEC12A9C034 /* Pods_TheMovieDB_MVVMTests.framework */,
			);
			name = Frameworks;
			sourceTree = "<group>";
		};
		AE1CA13FB5BBF94547478616 /* Pods */ = {
			isa = PBXGroup;
			children = (
				AC6BF6BCBB93671AC47EDB3C /* Pods-TheMovieDB_MVVM.debug.xcconfig */,
				33EE12DE8BC0FE6496591815 /* Pods-TheMovieDB_MVVM.release.xcconfig */,
				0BEC8DE1D73A9DF13D28A183 /* Pods-TheMovieDB_MVVMTests.debug.xcconfig */,
				270DD05EA859C0E67AE1A040 /* Pods-TheMovieDB_MVVMTests.release.xcconfig */,
			);
			name = Pods;
			sourceTree = "<group>";
		};
		C91D479A1F30ED5A000CDA09 = {
			isa = PBXGroup;
			children = (
				C91D47A51F30ED5A000CDA09 /* TheMovieDB_MVVM */,
				C91D47BA1F30ED5B000CDA09 /* TheMovieDB_MVVMTests */,
				C91D47A41F30ED5A000CDA09 /* Products */,
				AE1CA13FB5BBF94547478616 /* Pods */,
				8502301825544BAD81DA6EB9 /* Frameworks */,
			);
			sourceTree = "<group>";
		};
		C91D47A41F30ED5A000CDA09 /* Products */ = {
			isa = PBXGroup;
			children = (
				C91D47A31F30ED5A000CDA09 /* TheMovieDB_MVVM.app */,
				C91D47B71F30ED5B000CDA09 /* TheMovieDB_MVVMTests.xctest */,
			);
			name = Products;
			sourceTree = "<group>";
		};
		C91D47A51F30ED5A000CDA09 /* TheMovieDB_MVVM */ = {
			isa = PBXGroup;
			children = (
				C9DF82CC1F45065800A67D6C /* Protocols */,
				C93B7CB81F33DC90008A5A2D /* Extensions */,
				C91D47C61F30EF1E000CDA09 /* Model */,
				C91D47C71F30EF26000CDA09 /* View */,
				C91D47C81F30EF2C000CDA09 /* ViewModel */,
				C91D47D01F310BFB000CDA09 /* Services */,
				C91D47C91F30EF68000CDA09 /* Supporting Files */,
			);
			path = TheMovieDB_MVVM;
			sourceTree = "<group>";
		};
		C91D47BA1F30ED5B000CDA09 /* TheMovieDB_MVVMTests */ = {
			isa = PBXGroup;
			children = (
				C91D47BD1F30ED5B000CDA09 /* Info.plist */,
				C93B7CBB1F351148008A5A2D /* ApplicationOverviewViewModelTests.swift */,
				C9DF82D11F46561200A67D6C /* ApplicationTests.swift */,
				C9DF82C51F38E59100A67D6C /* stub.json */,
			);
			path = TheMovieDB_MVVMTests;
			sourceTree = "<group>";
		};
		C91D47C61F30EF1E000CDA09 /* Model */ = {
			isa = PBXGroup;
			children = (
				C91D47CA1F30F0BF000CDA09 /* Application.swift */,
			);
			name = Model;
			sourceTree = "<group>";
		};
		C91D47C71F30EF26000CDA09 /* View */ = {
			isa = PBXGroup;
			children = (
				C91D47D11F3117FC000CDA09 /* ApplicationOverview */,
				C91D47AA1F30ED5B000CDA09 /* Main.storyboard */,
				C91D47CE1F30F107000CDA09 /* ApplicationViewController.swift */,
			);
			name = View;
			sourceTree = "<group>";
		};
		C91D47C81F30EF2C000CDA09 /* ViewModel */ = {
			isa = PBXGroup;
			children = (
				C91D47CC1F30F0DE000CDA09 /* ApplicationOverviewViewModel.swift */,
				C9DF82C81F3A39BF00A67D6C /* ApplicationViewModel.swift */,
			);
			name = ViewModel;
			sourceTree = "<group>";
		};
		C91D47C91F30EF68000CDA09 /* Supporting Files */ = {
			isa = PBXGroup;
			children = (
				C91D47A61F30ED5A000CDA09 /* AppDelegate.swift */,
				C91D47AD1F30ED5B000CDA09 /* Assets.xcassets */,
				C91D47AF1F30ED5B000CDA09 /* LaunchScreen.storyboard */,
				C91D47B21F30ED5B000CDA09 /* Info.plist */,
			);
			name = "Supporting Files";
			sourceTree = "<group>";
		};
		C91D47D01F310BFB000CDA09 /* Services */ = {
			isa = PBXGroup;
			children = (
				C93B7CB41F32381E008A5A2D /* APIClient.swift */,
			);
			name = Services;
			sourceTree = "<group>";
		};
		C91D47D11F3117FC000CDA09 /* ApplicationOverview */ = {
			isa = PBXGroup;
			children = (
				C91D47D21F3118A4000CDA09 /* ApplicationTableViewCell.swift */,
				C91D47D31F3118A4000CDA09 /* ApplicationTableViewCell.xib */,
			);
			name = ApplicationOverview;
			sourceTree = "<group>";
		};
		C93B7CB81F33DC90008A5A2D /* Extensions */ = {
			isa = PBXGroup;
			children = (
				C93B7CB91F33DCE5008A5A2D /* UIImageView+URL.swift */,
				C9DF82CA1F45055200A67D6C /* UITableView.swift */,
			);
			name = Extensions;
			sourceTree = "<group>";
		};
		C9DF82CC1F45065800A67D6C /* Protocols */ = {
			isa = PBXGroup;
			children = (
				C9DF82CD1F45068500A67D6C /* ReusableView.swift */,
				C9DF82CF1F45072100A67D6C /* NibLoadableView.swift */,
			);
			name = Protocols;
			sourceTree = "<group>";
		};
/* End PBXGroup section */

/* Begin PBXNativeTarget section */
		C91D47A21F30ED5A000CDA09 /* TheMovieDB_MVVM */ = {
			isa = PBXNativeTarget;
			buildConfigurationList = C91D47C01F30ED5B000CDA09 /* Build configuration list for PBXNativeTarget "TheMovieDB_MVVM" */;
			buildPhases = (
				B289EA1514028788AE5DFDC7 /* [CP] Check Pods Manifest.lock */,
				C91D479F1F30ED5A000CDA09 /* Sources */,
				C91D47A01F30ED5A000CDA09 /* Frameworks */,
				C91D47A11F30ED5A000CDA09 /* Resources */,
				7397B1021FB99341473E0175 /* [CP] Embed Pods Frameworks */,
				96A17F0FA5CD3060ED7BDEA3 /* [CP] Copy Pods Resources */,
			);
			buildRules = (
			);
			dependencies = (
			);
			name = TheMovieDB_MVVM;
			productName = TheMovieDB_MVVM;
			productReference = C91D47A31F30ED5A000CDA09 /* TheMovieDB_MVVM.app */;
			productType = "com.apple.product-type.application";
		};
		C91D47B61F30ED5B000CDA09 /* TheMovieDB_MVVMTests */ = {
			isa = PBXNativeTarget;
			buildConfigurationList = C91D47C31F30ED5B000CDA09 /* Build configuration list for PBXNativeTarget "TheMovieDB_MVVMTests" */;
			buildPhases = (
				A9891133A505D15AA5CF11C5 /* [CP] Check Pods Manifest.lock */,
				C91D47B31F30ED5B000CDA09 /* Sources */,
				C91D47B41F30ED5B000CDA09 /* Frameworks */,
				C91D47B51F30ED5B000CDA09 /* Resources */,
				094ED6C35DFF8BA8BE673E40 /* [CP] Embed Pods Frameworks */,
				B9A2F76012A30FED8A27F8C4 /* [CP] Copy Pods Resources */,
			);
			buildRules = (
			);
			dependencies = (
				C91D47B91F30ED5B000CDA09 /* PBXTargetDependency */,
			);
			name = TheMovieDB_MVVMTests;
			productName = TheMovieDB_MVVMTests;
			productReference = C91D47B71F30ED5B000CDA09 /* TheMovieDB_MVVMTests.xctest */;
			productType = "com.apple.product-type.bundle.unit-test";
		};
/* End PBXNativeTarget section */

/* Begin PBXProject section */
		C91D479B1F30ED5A000CDA09 /* Project object */ = {
			isa = PBXProject;
			attributes = {
				LastSwiftUpdateCheck = 0830;
				LastUpgradeCheck = 0830;
				ORGANIZATIONNAME = "Paulo Gama";
				TargetAttributes = {
					C91D47A21F30ED5A000CDA09 = {
						CreatedOnToolsVersion = 8.3.3;
						DevelopmentTeam = 53QWD2UZM4;
						ProvisioningStyle = Automatic;
					};
					C91D47B61F30ED5B000CDA09 = {
						CreatedOnToolsVersion = 8.3.3;
						DevelopmentTeam = 53QWD2UZM4;
						ProvisioningStyle = Automatic;
						TestTargetID = C91D47A21F30ED5A000CDA09;
					};
				};
			};
			buildConfigurationList = C91D479E1F30ED5A000CDA09 /* Build configuration list for PBXProject "TheMovieDB_MVVM" */;
			compatibilityVersion = "Xcode 3.2";
			developmentRegion = English;
			hasScannedForEncodings = 0;
			knownRegions = (
				en,
				Base,
			);
			mainGroup = C91D479A1F30ED5A000CDA09;
			productRefGroup = C91D47A41F30ED5A000CDA09 /* Products */;
			projectDirPath = "";
			projectRoot = "";
			targets = (
				C91D47A21F30ED5A000CDA09 /* TheMovieDB_MVVM */,
				C91D47B61F30ED5B000CDA09 /* TheMovieDB_MVVMTests */,
			);
		};
/* End PBXProject section */

/* Begin PBXResourcesBuildPhase section */
		C91D47A11F30ED5A000CDA09 /* Resources */ = {
			isa = PBXResourcesBuildPhase;
			buildActionMask = 2147483647;
			files = (
				C91D47D51F3118A4000CDA09 /* ApplicationTableViewCell.xib in Resources */,
				C91D47B11F30ED5B000CDA09 /* LaunchScreen.storyboard in Resources */,
				C91D47AE1F30ED5B000CDA09 /* Assets.xcassets in Resources */,
				C91D47AC1F30ED5B000CDA09 /* Main.storyboard in Resources */,
			);
			runOnlyForDeploymentPostprocessing = 0;
		};
		C91D47B51F30ED5B000CDA09 /* Resources */ = {
			isa = PBXResourcesBuildPhase;
			buildActionMask = 2147483647;
			files = (
				C9DF82C61F38E59100A67D6C /* stub.json in Resources */,
			);
			runOnlyForDeploymentPostprocessing = 0;
		};
/* End PBXResourcesBuildPhase section */

/* Begin PBXShellScriptBuildPhase section */
		094ED6C35DFF8BA8BE673E40 /* [CP] Embed Pods Frameworks */ = {
			isa = PBXShellScriptBuildPhase;
			buildActionMask = 2147483647;
			files = (
			);
			inputPaths = (
			);
			name = "[CP] Embed Pods Frameworks";
			outputPaths = (
			);
			runOnlyForDeploymentPostprocessing = 0;
			shellPath = /bin/sh;
			shellScript = "\"${SRCROOT}/Pods/Target Support Files/Pods-TheMovieDB_MVVMTests/Pods-TheMovieDB_MVVMTests-frameworks.sh\"\n";
			showEnvVarsInLog = 0;
		};
		7397B1021FB99341473E0175 /* [CP] Embed Pods Frameworks */ = {
			isa = PBXShellScriptBuildPhase;
			buildActionMask = 2147483647;
			files = (
			);
			inputPaths = (
			);
			name = "[CP] Embed Pods Frameworks";
			outputPaths = (
			);
			runOnlyForDeploymentPostprocessing = 0;
			shellPath = /bin/sh;
			shellScript = "\"${SRCROOT}/Pods/Target Support Files/Pods-TheMovieDB_MVVM/Pods-TheMovieDB_MVVM-frameworks.sh\"\n";
			showEnvVarsInLog = 0;
		};
		96A17F0FA5CD3060ED7BDEA3 /* [CP] Copy Pods Resources */ = {
			isa = PBXShellScriptBuildPhase;
			buildActionMask = 2147483647;
			files = (
			);
			inputPaths = (
			);
			name = "[CP] Copy Pods Resources";
			outputPaths = (
			);
			runOnlyForDeploymentPostprocessing = 0;
			shellPath = /bin/sh;
			shellScript = "\"${SRCROOT}/Pods/Target Support Files/Pods-TheMovieDB_MVVM/Pods-TheMovieDB_MVVM-resources.sh\"\n";
			showEnvVarsInLog = 0;
		};
		A9891133A505D15AA5CF11C5 /* [CP] Check Pods Manifest.lock */ = {
			isa = PBXShellScriptBuildPhase;
			buildActionMask = 2147483647;
			files = (
			);
			inputPaths = (
			);
			name = "[CP] Check Pods Manifest.lock";
			outputPaths = (
			);
			runOnlyForDeploymentPostprocessing = 0;
			shellPath = /bin/sh;
			shellScript = "diff \"${PODS_PODFILE_DIR_PATH}/Podfile.lock\" \"${PODS_ROOT}/Manifest.lock\" > /dev/null\nif [ $? != 0 ] ; then\n    # print error to STDERR\n    echo \"error: The sandbox is not in sync with the Podfile.lock. Run 'pod install' or update your CocoaPods installation.\" >&2\n    exit 1\nfi\n";
			showEnvVarsInLog = 0;
		};
		B289EA1514028788AE5DFDC7 /* [CP] Check Pods Manifest.lock */ = {
			isa = PBXShellScriptBuildPhase;
			buildActionMask = 2147483647;
			files = (
			);
			inputPaths = (
			);
			name = "[CP] Check Pods Manifest.lock";
			outputPaths = (
			);
			runOnlyForDeploymentPostprocessing = 0;
			shellPath = /bin/sh;
			shellScript = "diff \"${PODS_PODFILE_DIR_PATH}/Podfile.lock\" \"${PODS_ROOT}/Manifest.lock\" > /dev/null\nif [ $? != 0 ] ; then\n    # print error to STDERR\n    echo \"error: The sandbox is not in sync with the Podfile.lock. Run 'pod install' or update your CocoaPods installation.\" >&2\n    exit 1\nfi\n";
			showEnvVarsInLog = 0;
		};
		B9A2F76012A30FED8A27F8C4 /* [CP] Copy Pods Resources */ = {
			isa = PBXShellScriptBuildPhase;
			buildActionMask = 2147483647;
			files = (
			);
			inputPaths = (
			);
			name = "[CP] Copy Pods Resources";
			outputPaths = (
			);
			runOnlyForDeploymentPostprocessing = 0;
			shellPath = /bin/sh;
			shellScript = "\"${SRCROOT}/Pods/Target Support Files/Pods-TheMovieDB_MVVMTests/Pods-TheMovieDB_MVVMTests-resources.sh\"\n";
			showEnvVarsInLog = 0;
		};
/* End PBXShellScriptBuildPhase section */

/* Begin PBXSourcesBuildPhase section */
		C91D479F1F30ED5A000CDA09 /* Sources */ = {
			isa = PBXSourcesBuildPhase;
			buildActionMask = 2147483647;
			files = (
				C91D47D41F3118A4000CDA09 /* ApplicationTableViewCell.swift in Sources */,
				C9DF82CE1F45068500A67D6C /* ReusableView.swift in Sources */,
				C91D47A71F30ED5A000CDA09 /* AppDelegate.swift in Sources */,
				C91D47CD1F30F0DE000CDA09 /* ApplicationOverviewViewModel.swift in Sources */,
				C91D47CF1F30F107000CDA09 /* ApplicationViewController.swift in Sources */,
				C9DF82D01F45072100A67D6C /* NibLoadableView.swift in Sources */,
				C91D47CB1F30F0BF000CDA09 /* Application.swift in Sources */,
				C9DF82CB1F45055200A67D6C /* UITableView.swift in Sources */,
				C9DF82C91F3A39BF00A67D6C /* ApplicationViewModel.swift in Sources */,
				C93B7CBA1F33DCE5008A5A2D /* UIImageView+URL.swift in Sources */,
				C93B7CB51F32381E008A5A2D /* APIClient.swift in Sources */,
			);
			runOnlyForDeploymentPostprocessing = 0;
		};
		C91D47B31F30ED5B000CDA09 /* Sources */ = {
			isa = PBXSourcesBuildPhase;
			buildActionMask = 2147483647;
			files = (
				C9DF82D21F46561200A67D6C /* ApplicationTests.swift in Sources */,
				C93B7CBC1F351148008A5A2D /* ApplicationOverviewViewModelTests.swift in Sources */,
			);
			runOnlyForDeploymentPostprocessing = 0;
		};
/* End PBXSourcesBuildPhase section */

/* Begin PBXTargetDependency section */
		C91D47B91F30ED5B000CDA09 /* PBXTargetDependency */ = {
			isa = PBXTargetDependency;
			target = C91D47A21F30ED5A000CDA09 /* TheMovieDB_MVVM */;
			targetProxy = C91D47B81F30ED5B000CDA09 /* PBXContainerItemProxy */;
		};
/* End PBXTargetDependency section */

/* Begin PBXVariantGroup section */
		C91D47AA1F30ED5B000CDA09 /* Main.storyboard */ = {
			isa = PBXVariantGroup;
			children = (
				C91D47AB1F30ED5B000CDA09 /* Base */,
			);
			name = Main.storyboard;
			sourceTree = "<group>";
		};
		C91D47AF1F30ED5B000CDA09 /* LaunchScreen.storyboard */ = {
			isa = PBXVariantGroup;
			children = (
				C91D47B01F30ED5B000CDA09 /* Base */,
			);
			name = LaunchScreen.storyboard;
			sourceTree = "<group>";
		};
/* End PBXVariantGroup section */

/* Begin XCBuildConfiguration section */
		C91D47BE1F30ED5B000CDA09 /* Debug */ = {
			isa = XCBuildConfiguration;
			buildSettings = {
				ALWAYS_SEARCH_USER_PATHS = NO;
				CLANG_ANALYZER_NONNULL = YES;
				CLANG_ANALYZER_NUMBER_OBJECT_CONVERSION = YES_AGGRESSIVE;
				CLANG_CXX_LANGUAGE_STANDARD = "gnu++0x";
				CLANG_CXX_LIBRARY = "libc++";
				CLANG_ENABLE_MODULES = YES;
				CLANG_ENABLE_OBJC_ARC = YES;
				CLANG_WARN_BOOL_CONVERSION = YES;
				CLANG_WARN_CONSTANT_CONVERSION = YES;
				CLANG_WARN_DIRECT_OBJC_ISA_USAGE = YES_ERROR;
				CLANG_WARN_DOCUMENTATION_COMMENTS = YES;
				CLANG_WARN_EMPTY_BODY = YES;
				CLANG_WARN_ENUM_CONVERSION = YES;
				CLANG_WARN_INFINITE_RECURSION = YES;
				CLANG_WARN_INT_CONVERSION = YES;
				CLANG_WARN_OBJC_ROOT_CLASS = YES_ERROR;
				CLANG_WARN_SUSPICIOUS_MOVE = YES;
				CLANG_WARN_UNREACHABLE_CODE = YES;
				CLANG_WARN__DUPLICATE_METHOD_MATCH = YES;
				"CODE_SIGN_IDENTITY[sdk=iphoneos*]" = "iPhone Developer";
				COPY_PHASE_STRIP = NO;
				DEBUG_INFORMATION_FORMAT = dwarf;
				ENABLE_STRICT_OBJC_MSGSEND = YES;
				ENABLE_TESTABILITY = YES;
				GCC_C_LANGUAGE_STANDARD = gnu99;
				GCC_DYNAMIC_NO_PIC = NO;
				GCC_NO_COMMON_BLOCKS = YES;
				GCC_OPTIMIZATION_LEVEL = 0;
				GCC_PREPROCESSOR_DEFINITIONS = (
					"DEBUG=1",
					"$(inherited)",
				);
				GCC_WARN_64_TO_32_BIT_CONVERSION = YES;
				GCC_WARN_ABOUT_RETURN_TYPE = YES_ERROR;
				GCC_WARN_UNDECLARED_SELECTOR = YES;
				GCC_WARN_UNINITIALIZED_AUTOS = YES_AGGRESSIVE;
				GCC_WARN_UNUSED_FUNCTION = YES;
				GCC_WARN_UNUSED_VARIABLE = YES;
				IPHONEOS_DEPLOYMENT_TARGET = 10.3;
				MTL_ENABLE_DEBUG_INFO = YES;
				ONLY_ACTIVE_ARCH = YES;
				SDKROOT = iphoneos;
				SWIFT_ACTIVE_COMPILATION_CONDITIONS = DEBUG;
				SWIFT_OPTIMIZATION_LEVEL = "-Onone";
			};
			name = Debug;
		};
		C91D47BF1F30ED5B000CDA09 /* Release */ = {
			isa = XCBuildConfiguration;
			buildSettings = {
				ALWAYS_SEARCH_USER_PATHS = NO;
				CLANG_ANALYZER_NONNULL = YES;
				CLANG_ANALYZER_NUMBER_OBJECT_CONVERSION = YES_AGGRESSIVE;
				CLANG_CXX_LANGUAGE_STANDARD = "gnu++0x";
				CLANG_CXX_LIBRARY = "libc++";
				CLANG_ENABLE_MODULES = YES;
				CLANG_ENABLE_OBJC_ARC = YES;
				CLANG_WARN_BOOL_CONVERSION = YES;
				CLANG_WARN_CONSTANT_CONVERSION = YES;
				CLANG_WARN_DIRECT_OBJC_ISA_USAGE = YES_ERROR;
				CLANG_WARN_DOCUMENTATION_COMMENTS = YES;
				CLANG_WARN_EMPTY_BODY = YES;
				CLANG_WARN_ENUM_CONVERSION = YES;
				CLANG_WARN_INFINITE_RECURSION = YES;
				CLANG_WARN_INT_CONVERSION = YES;
				CLANG_WARN_OBJC_ROOT_CLASS = YES_ERROR;
				CLANG_WARN_SUSPICIOUS_MOVE = YES;
				CLANG_WARN_UNREACHABLE_CODE = YES;
				CLANG_WARN__DUPLICATE_METHOD_MATCH = YES;
				"CODE_SIGN_IDENTITY[sdk=iphoneos*]" = "iPhone Developer";
				COPY_PHASE_STRIP = NO;
				DEBUG_INFORMATION_FORMAT = "dwarf-with-dsym";
				ENABLE_NS_ASSERTIONS = NO;
				ENABLE_STRICT_OBJC_MSGSEND = YES;
				GCC_C_LANGUAGE_STANDARD = gnu99;
				GCC_NO_COMMON_BLOCKS = YES;
				GCC_WARN_64_TO_32_BIT_CONVERSION = YES;
				GCC_WARN_ABOUT_RETURN_TYPE = YES_ERROR;
				GCC_WARN_UNDECLARED_SELECTOR = YES;
				GCC_WARN_UNINITIALIZED_AUTOS = YES_AGGRESSIVE;
				GCC_WARN_UNUSED_FUNCTION = YES;
				GCC_WARN_UNUSED_VARIABLE = YES;
				IPHONEOS_DEPLOYMENT_TARGET = 10.3;
				MTL_ENABLE_DEBUG_INFO = NO;
				SDKROOT = iphoneos;
				SWIFT_OPTIMIZATION_LEVEL = "-Owholemodule";
				VALIDATE_PRODUCT = YES;
			};
			name = Release;
		};
		C91D47C11F30ED5B000CDA09 /* Debug */ = {
			isa = XCBuildConfiguration;
			baseConfigurationReference = AC6BF6BCBB93671AC47EDB3C /* Pods-TheMovieDB_MVVM.debug.xcconfig */;
			buildSettings = {
				ASSETCATALOG_COMPILER_APPICON_NAME = AppIcon;
				DEVELOPMENT_TEAM = 53QWD2UZM4;
				INFOPLIST_FILE = TheMovieDB_MVVM/Info.plist;
				LD_RUNPATH_SEARCH_PATHS = "$(inherited) @executable_path/Frameworks";
				PRODUCT_BUNDLE_IDENTIFIER = "ThoughtWorks.TheMovieDB-MVVM";
				PRODUCT_NAME = "$(TARGET_NAME)";
				SWIFT_VERSION = 3.0;
			};
			name = Debug;
		};
		C91D47C21F30ED5B000CDA09 /* Release */ = {
			isa = XCBuildConfiguration;
			baseConfigurationReference = 33EE12DE8BC0FE6496591815 /* Pods-TheMovieDB_MVVM.release.xcconfig */;
			buildSettings = {
				ASSETCATALOG_COMPILER_APPICON_NAME = AppIcon;
				DEVELOPMENT_TEAM = 53QWD2UZM4;
				INFOPLIST_FILE = TheMovieDB_MVVM/Info.plist;
				LD_RUNPATH_SEARCH_PATHS = "$(inherited) @executable_path/Frameworks";
				PRODUCT_BUNDLE_IDENTIFIER = "ThoughtWorks.TheMovieDB-MVVM";
				PRODUCT_NAME = "$(TARGET_NAME)";
				SWIFT_VERSION = 3.0;
			};
			name = Release;
		};
		C91D47C41F30ED5B000CDA09 /* Debug */ = {
			isa = XCBuildConfiguration;
			baseConfigurationReference = 0BEC8DE1D73A9DF13D28A183 /* Pods-TheMovieDB_MVVMTests.debug.xcconfig */;
			buildSettings = {
				ALWAYS_EMBED_SWIFT_STANDARD_LIBRARIES = YES;
				BUNDLE_LOADER = "$(TEST_HOST)";
				DEVELOPMENT_TEAM = 53QWD2UZM4;
				INFOPLIST_FILE = TheMovieDB_MVVMTests/Info.plist;
				LD_RUNPATH_SEARCH_PATHS = "$(inherited) @executable_path/Frameworks @loader_path/Frameworks";
				PRODUCT_BUNDLE_IDENTIFIER = "ThoughtWorks.TheMovieDB-MVVMTests";
				PRODUCT_NAME = "$(TARGET_NAME)";
				SWIFT_VERSION = 3.0;
				TEST_HOST = "$(BUILT_PRODUCTS_DIR)/TheMovieDB_MVVM.app/TheMovieDB_MVVM";
			};
			name = Debug;
		};
		C91D47C51F30ED5B000CDA09 /* Release */ = {
			isa = XCBuildConfiguration;
			baseConfigurationReference = 270DD05EA859C0E67AE1A040 /* Pods-TheMovieDB_MVVMTests.release.xcconfig */;
			buildSettings = {
				ALWAYS_EMBED_SWIFT_STANDARD_LIBRARIES = YES;
				BUNDLE_LOADER = "$(TEST_HOST)";
				DEVELOPMENT_TEAM = 53QWD2UZM4;
				INFOPLIST_FILE = TheMovieDB_MVVMTests/Info.plist;
				LD_RUNPATH_SEARCH_PATHS = "$(inherited) @executable_path/Frameworks @loader_path/Frameworks";
				PRODUCT_BUNDLE_IDENTIFIER = "ThoughtWorks.TheMovieDB-MVVMTests";
				PRODUCT_NAME = "$(TARGET_NAME)";
				SWIFT_VERSION = 3.0;
				TEST_HOST = "$(BUILT_PRODUCTS_DIR)/TheMovieDB_MVVM.app/TheMovieDB_MVVM";
			};
			name = Release;
		};
/* End XCBuildConfiguration section */

/* Begin XCConfigurationList section */
		C91D479E1F30ED5A000CDA09 /* Build configuration list for PBXProject "TheMovieDB_MVVM" */ = {
			isa = XCConfigurationList;
			buildConfigurations = (
				C91D47BE1F30ED5B000CDA09 /* Debug */,
				C91D47BF1F30ED5B000CDA09 /* Release */,
			);
			defaultConfigurationIsVisible = 0;
			defaultConfigurationName = Release;
		};
		C91D47C01F30ED5B000CDA09 /* Build configuration list for PBXNativeTarget "TheMovieDB_MVVM" */ = {
			isa = XCConfigurationList;
			buildConfigurations = (
				C91D47C11F30ED5B000CDA09 /* Debug */,
				C91D47C21F30ED5B000CDA09 /* Release */,
			);
			defaultConfigurationIsVisible = 0;
			defaultConfigurationName = Release;
		};
		C91D47C31F30ED5B000CDA09 /* Build configuration list for PBXNativeTarget "TheMovieDB_MVVMTests" */ = {
			isa = XCConfigurationList;
			buildConfigurations = (
				C91D47C41F30ED5B000CDA09 /* Debug */,
				C91D47C51F30ED5B000CDA09 /* Release */,
			);
			defaultConfigurationIsVisible = 0;
			defaultConfigurationName = Release;
		};
/* End XCConfigurationList section */
	};
	rootObject = C91D479B1F30ED5A000CDA09 /* Project object */;
}
